Microsoft Visual Studio Solution File, Format Version 11.00
# Visual Studio 2008

Project("{D8E7B3F1-15F9-34E4-64E3-5938E8C9519B}") = "AudioScriptingLearning", "Assembly-CSharp-firstpass.csproj", "{A6707D8C-488D-B4B2-7F6F-5C5FAFE71DB8}"
EndProject
Project("{D8E7B3F1-15F9-34E4-64E3-5938E8C9519B}") = "AudioScriptingLearning", "Assembly-CSharp.csproj", "{8A32E103-2D70-C89D-2E95-B9BB8EAADA88}"
EndProject
Project("{D8E7B3F1-15F9-34E4-64E3-5938E8C9519B}") = "AudioScriptingLearning", "Assembly-CSharp-Editor.csproj", "{7E556482-9234-75CB-8A71-F688C8BA64A4}"
EndProject
Global
	GlobalSection(SolutionConfigurationPlatforms) = preSolution
		Debug|Any CPU = Debug|Any CPU
		Release|Any CPU = Release|Any CPU
	EndGlobalSection
	GlobalSection(ProjectConfigurationPlatforms) = postSolution
		{A6707D8C-488D-B4B2-7F6F-5C5FAFE71DB8}.Debug|Any CPU.ActiveCfg = Debug|Any CPU
		{A6707D8C-488D-B4B2-7F6F-5C5FAFE71DB8}.Debug|Any CPU.Build.0 = Debug|Any CPU
		{A6707D8C-488D-B4B2-7F6F-5C5FAFE71DB8}.Release|Any CPU.ActiveCfg = Release|Any CPU
		{A6707D8C-488D-B4B2-7F6F-5C5FAFE71DB8}.Release|Any CPU.Build.0 = Release|Any CPU
		{8A32E103-2D70-C89D-2E95-B9BB8EAADA88}.Debug|Any CPU.ActiveCfg = Debug|Any CPU
		{8A32E103-2D70-C89D-2E95-B9BB8EAADA88}.Debug|Any CPU.Build.0 = Debug|Any CPU
		{8A32E103-2D70-C89D-2E95-B9BB8EAADA88}.Release|Any CPU.ActiveCfg = Release|Any CPU
		{8A32E103-2D70-C89D-2E95-B9BB8EAADA88}.Release|Any CPU.Build.0 = Release|Any CPU
		{7E556482-9234-75CB-8A71-F688C8BA64A4}.Debug|Any CPU.ActiveCfg = Debug|Any CPU
		{7E556482-9234-75CB-8A71-F688C8BA64A4}.Debug|Any CPU.Build.0 = Debug|Any CPU
		{7E556482-9234-75CB-8A71-F688C8BA64A4}.Release|Any CPU.ActiveCfg = Release|Any CPU
		{7E556482-9234-75CB-8A71-F688C8BA64A4}.Release|Any CPU.Build.0 = Release|Any CPU
	EndGlobalSection
	GlobalSection(SolutionProperties) = preSolution
		HideSolutionNode = FALSE
	EndGlobalSection
	GlobalSection(MonoDevelopProperties) = preSolution
		StartupItem = Assembly-CSharp.csproj
	EndGlobalSection
EndGlobal
